
Microsoft Visual Studio Solution File, Format Version 12.00
# Visual Studio 15
VisualStudioVersion = 15.0.27004.2009
MinimumVisualStudioVersion = 10.0.40219.1
Project("{FAE04EC0-301F-11D3-BF4B-00C04F79EFBC}") = "TMS.Client", "SPM.Client\TMS.Client.csproj", "{D99B88B3-2A17-41B9-BE62-A0036120A0C7}"
EndProject
Project("{FAE04EC0-301F-11D3-BF4B-00C04F79EFBC}") = "TMS.Service", "SPM.Service\TMS.Service.csproj", "{310A15C6-8558-4402-A2C6-3CFFF514F5FE}"
EndProject
Global
	GlobalSection(SolutionConfigurationPlatforms) = preSolution
		Debug|Any CPU = Debug|Any CPU
		Release|Any CPU = Release|Any CPU
	EndGlobalSection
	GlobalSection(ProjectConfigurationPlatforms) = postSolution
		{D99B88B3-2A17-41B9-BE62-A0036120A0C7}.Debug|Any CPU.ActiveCfg = Debug|Any CPU
		{D99B88B3-2A17-41B9-BE62-A0036120A0C7}.Debug|Any CPU.Build.0 = Debug|Any CPU
		{D99B88B3-2A17-41B9-BE62-A0036120A0C7}.Release|Any CPU.ActiveCfg = Release|Any CPU
		{D99B88B3-2A17-41B9-BE62-A0036120A0C7}.Release|Any CPU.Build.0 = Release|Any CPU
		{310A15C6-8558-4402-A2C6-3CFFF514F5FE}.Debug|Any CPU.ActiveCfg = Debug|Any CPU
		{310A15C6-8558-4402-A2C6-3CFFF514F5FE}.Debug|Any CPU.Build.0 = Debug|Any CPU
		{310A15C6-8558-4402-A2C6-3CFFF514F5FE}.Release|Any CPU.ActiveCfg = Release|Any CPU
		{310A15C6-8558-4402-A2C6-3CFFF514F5FE}.Release|Any CPU.Build.0 = Release|Any CPU
	EndGlobalSection
	GlobalSection(SolutionProperties) = preSolution
		HideSolutionNode = FALSE
	EndGlobalSection
	GlobalSection(ExtensibilityGlobals) = postSolution
		SolutionGuid = {BDA13099-E9F2-48A5-A531-2B0312147CC0}
	EndGlobalSection
EndGlobal
